
Microsoft Visual Studio Solution File, Format Version 12.00
# Visual Studio Version 17
VisualStudioVersion = 17.4.33205.214
MinimumVisualStudioVersion = 10.0.40219.1
Project("{9A19103F-16F7-4668-BE54-9A1E7A4F7556}") = "ComeAndGoCore", "ComeAndGoCore\ComeAndGoCore.csproj", "{0CDAA837-A21D-415E-90A0-05C0F374D76F}"
EndProject
Project("{FAE04EC0-301F-11D3-BF4B-00C04F79EFBC}") = "ComeAndGo.Tests", "ComeAndGo.Tests\ComeAndGo.Tests.csproj", "{6C47D06A-BA39-41E1-A7B7-57C2494372FA}"
EndProject
Global
	GlobalSection(SolutionConfigurationPlatforms) = preSolution
		Debug|Any CPU = Debug|Any CPU
		Release|Any CPU = Release|Any CPU
	EndGlobalSection
	GlobalSection(ProjectConfigurationPlatforms) = postSolution
		{0CDAA837-A21D-415E-90A0-05C0F374D76F}.Debug|Any CPU.ActiveCfg = Debug|Any CPU
		{0CDAA837-A21D-415E-90A0-05C0F374D76F}.Debug|Any CPU.Build.0 = Debug|Any CPU
		{0CDAA837-A21D-415E-90A0-05C0F374D76F}.Release|Any CPU.ActiveCfg = Release|Any CPU
		{0CDAA837-A21D-415E-90A0-05C0F374D76F}.Release|Any CPU.Build.0 = Release|Any CPU
		{6C47D06A-BA39-41E1-A7B7-57C2494372FA}.Debug|Any CPU.ActiveCfg = Debug|Any CPU
		{6C47D06A-BA39-41E1-A7B7-57C2494372FA}.Debug|Any CPU.Build.0 = Debug|Any CPU
		{6C47D06A-BA39-41E1-A7B7-57C2494372FA}.Release|Any CPU.ActiveCfg = Release|Any CPU
		{6C47D06A-BA39-41E1-A7B7-57C2494372FA}.Release|Any CPU.Build.0 = Release|Any CPU
	EndGlobalSection
	GlobalSection(SolutionProperties) = preSolution
		HideSolutionNode = FALSE
	EndGlobalSection
	GlobalSection(ExtensibilityGlobals) = postSolution
		SolutionGuid = {AE080DA2-BADD-45D4-B123-978D05016142}
	EndGlobalSection
EndGlobal
